// !$*UTF8*$!
{
	archiveVersion = 1;
	classes = {
	};
	objectVersion = 50;
	objects = {

/* Begin PBXBuildFile section */
		4A520F6D22256C42000725D4 /* MorseCipher.swift in Sources */ = {isa = PBXBuildFile; fileRef = 4A520F6C22256C42000725D4 /* MorseCipher.swift */; };
		4A6155F7222252DA00D522CF /* CipherFactory.swift in Sources */ = {isa = PBXBuildFile; fileRef = 4A6155F6222252DA00D522CF /* CipherFactory.swift */; };
		4A6155F92222CA2500D522CF /* CeasarCipher.swift in Sources */ = {isa = PBXBuildFile; fileRef = 4A6155F82222CA2500D522CF /* CeasarCipher.swift */; };
		4A7A526522224532000E7B5B /* AppDelegate.swift in Sources */ = {isa = PBXBuildFile; fileRef = 4A7A526422224532000E7B5B /* AppDelegate.swift */; };
		4A7A526722224532000E7B5B /* ViewController.swift in Sources */ = {isa = PBXBuildFile; fileRef = 4A7A526622224532000E7B5B /* ViewController.swift */; };
		4A7A526A22224532000E7B5B /* Main.storyboard in Resources */ = {isa = PBXBuildFile; fileRef = 4A7A526822224532000E7B5B /* Main.storyboard */; };
		4A7A526C22224532000E7B5B /* Assets.xcassets in Resources */ = {isa = PBXBuildFile; fileRef = 4A7A526B22224532000E7B5B /* Assets.xcassets */; };
		4A7A526F22224532000E7B5B /* LaunchScreen.storyboard in Resources */ = {isa = PBXBuildFile; fileRef = 4A7A526D22224532000E7B5B /* LaunchScreen.storyboard */; };
		4A7A527A22224533000E7B5B /* SpyAppTests.swift in Sources */ = {isa = PBXBuildFile; fileRef = 4A7A527922224533000E7B5B /* SpyAppTests.swift */; };
		4AA08BB8222C337A00B97784 /* VigenereCipher.swift in Sources */ = {isa = PBXBuildFile; fileRef = 4AA08BB7222C337A00B97784 /* VigenereCipher.swift */; };
		4AA8AC502226E45F00A12D79 /* AlphaNumCeasarCipher.swift in Sources */ = {isa = PBXBuildFile; fileRef = 4AA8AC4F2226E45F00A12D79 /* AlphaNumCeasarCipher.swift */; };
/* End PBXBuildFile section */

/* Begin PBXContainerItemProxy section */
		4A7A527622224533000E7B5B /* PBXContainerItemProxy */ = {
			isa = PBXContainerItemProxy;
			containerPortal = 4A7A525922224532000E7B5B /* Project object */;
			proxyType = 1;
			remoteGlobalIDString = 4A7A526022224532000E7B5B;
			remoteInfo = SpyApp;
		};
/* End PBXContainerItemProxy section */

/* Begin PBXFileReference section */
		4A520F6C22256C42000725D4 /* MorseCipher.swift */ = {isa = PBXFileReference; lastKnownFileType = sourcecode.swift; path = MorseCipher.swift; sourceTree = "<group>"; };
		4A6155F6222252DA00D522CF /* CipherFactory.swift */ = {isa = PBXFileReference; lastKnownFileType = sourcecode.swift; path = CipherFactory.swift; sourceTree = "<group>"; };
		4A6155F82222CA2500D522CF /* CeasarCipher.swift */ = {isa = PBXFileReference; lastKnownFileType = sourcecode.swift; path = CeasarCipher.swift; sourceTree = "<group>"; };
		4A7A526122224532000E7B5B /* SpyApp.app */ = {isa = PBXFileReference; explicitFileType = wrapper.application; includeInIndex = 0; path = SpyApp.app; sourceTree = BUILT_PRODUCTS_DIR; };
		4A7A526422224532000E7B5B /* AppDelegate.swift */ = {isa = PBXFileReference; lastKnownFileType = sourcecode.swift; path = AppDelegate.swift; sourceTree = "<group>"; };
		4A7A526622224532000E7B5B /* ViewController.swift */ = {isa = PBXFileReference; lastKnownFileType = sourcecode.swift; path = ViewController.swift; sourceTree = "<group>"; };
		4A7A526922224532000E7B5B /* Base */ = {isa = PBXFileReference; lastKnownFileType = file.storyboard; name = Base; path = Base.lproj/Main.storyboard; sourceTree = "<group>"; };
		4A7A526B22224532000E7B5B /* Assets.xcassets */ = {isa = PBXFileReference; lastKnownFileType = folder.assetcatalog; path = Assets.xcassets; sourceTree = "<group>"; };
		4A7A526E22224532000E7B5B /* Base */ = {isa = PBXFileReference; lastKnownFileType = file.storyboard; name = Base; path = Base.lproj/LaunchScreen.storyboard; sourceTree = "<group>"; };
		4A7A527022224532000E7B5B /* Info.plist */ = {isa = PBXFileReference; lastKnownFileType = text.plist.xml; path = Info.plist; sourceTree = "<group>"; };
		4A7A527522224533000E7B5B /* SpyAppTests.xctest */ = {isa = PBXFileReference; explicitFileType = wrapper.cfbundle; includeInIndex = 0; path = SpyAppTests.xctest; sourceTree = BUILT_PRODUCTS_DIR; };
		4A7A527922224533000E7B5B /* SpyAppTests.swift */ = {isa = PBXFileReference; lastKnownFileType = sourcecode.swift; path = SpyAppTests.swift; sourceTree = "<group>"; };
		4A7A527B22224533000E7B5B /* Info.plist */ = {isa = PBXFileReference; lastKnownFileType = text.plist.xml; path = Info.plist; sourceTree = "<group>"; };
		4AA08BB7222C337A00B97784 /* VigenereCipher.swift */ = {isa = PBXFileReference; lastKnownFileType = sourcecode.swift; path = VigenereCipher.swift; sourceTree = "<group>"; };
		4AA8AC4F2226E45F00A12D79 /* AlphaNumCeasarCipher.swift */ = {isa = PBXFileReference; lastKnownFileType = sourcecode.swift; path = AlphaNumCeasarCipher.swift; sourceTree = "<group>"; };
/* End PBXFileReference section */

/* Begin PBXFrameworksBuildPhase section */
		4A7A525E22224532000E7B5B /* Frameworks */ = {
			isa = PBXFrameworksBuildPhase;
			buildActionMask = 2147483647;
			files = (
			);
			runOnlyForDeploymentPostprocessing = 0;
		};
		4A7A527222224533000E7B5B /* Frameworks */ = {
			isa = PBXFrameworksBuildPhase;
			buildActionMask = 2147483647;
			files = (
			);
			runOnlyForDeploymentPostprocessing = 0;
		};
/* End PBXFrameworksBuildPhase section */

/* Begin PBXGroup section */
		4A7A525822224532000E7B5B = {
			isa = PBXGroup;
			children = (
				4A7A526322224532000E7B5B /* SpyApp */,
				4A7A527822224533000E7B5B /* SpyAppTests */,
				4A7A526222224532000E7B5B /* Products */,
			);
			sourceTree = "<group>";
		};
		4A7A526222224532000E7B5B /* Products */ = {
			isa = PBXGroup;
			children = (
				4A7A526122224532000E7B5B /* SpyApp.app */,
				4A7A527522224533000E7B5B /* SpyAppTests.xctest */,
			);
			name = Products;
			sourceTree = "<group>";
		};
		4A7A526322224532000E7B5B /* SpyApp */ = {
			isa = PBXGroup;
			children = (
				4A7A526422224532000E7B5B /* AppDelegate.swift */,
				4A7A526622224532000E7B5B /* ViewController.swift */,
				4A6155F6222252DA00D522CF /* CipherFactory.swift */,
				4A6155F82222CA2500D522CF /* CeasarCipher.swift */,
				4AA8AC4F2226E45F00A12D79 /* AlphaNumCeasarCipher.swift */,
				4A520F6C22256C42000725D4 /* MorseCipher.swift */,
				4AA08BB7222C337A00B97784 /* VigenereCipher.swift */,
				4A7A526822224532000E7B5B /* Main.storyboard */,
				4A7A526B22224532000E7B5B /* Assets.xcassets */,
				4A7A526D22224532000E7B5B /* LaunchScreen.storyboard */,
				4A7A527022224532000E7B5B /* Info.plist */,
			);
			path = SpyApp;
			sourceTree = "<group>";
		};
		4A7A527822224533000E7B5B /* SpyAppTests */ = {
			isa = PBXGroup;
			children = (
				4A7A527922224533000E7B5B /* SpyAppTests.swift */,
				4A7A527B22224533000E7B5B /* Info.plist */,
			);
			path = SpyAppTests;
			sourceTree = "<group>";
		};
/* End PBXGroup section */

/* Begin PBXNativeTarget section */
		4A7A526022224532000E7B5B /* SpyApp */ = {
			isa = PBXNativeTarget;
			buildConfigurationList = 4A7A527E22224533000E7B5B /* Build configuration list for PBXNativeTarget "SpyApp" */;
			buildPhases = (
				4A7A525D22224532000E7B5B /* Sources */,
				4A7A525E22224532000E7B5B /* Frameworks */,
				4A7A525F22224532000E7B5B /* Resources */,
			);
			buildRules = (
			);
			dependencies = (
			);
			name = SpyApp;
			productName = SpyApp;
			productReference = 4A7A526122224532000E7B5B /* SpyApp.app */;
			productType = "com.apple.product-type.application";
		};
		4A7A527422224533000E7B5B /* SpyAppTests */ = {
			isa = PBXNativeTarget;
			buildConfigurationList = 4A7A528122224533000E7B5B /* Build configuration list for PBXNativeTarget "SpyAppTests" */;
			buildPhases = (
				4A7A527122224533000E7B5B /* Sources */,
				4A7A527222224533000E7B5B /* Frameworks */,
				4A7A527322224533000E7B5B /* Resources */,
			);
			buildRules = (
			);
			dependencies = (
				4A7A527722224533000E7B5B /* PBXTargetDependency */,
			);
			name = SpyAppTests;
			productName = SpyAppTests;
			productReference = 4A7A527522224533000E7B5B /* SpyAppTests.xctest */;
			productType = "com.apple.product-type.bundle.unit-test";
		};
/* End PBXNativeTarget section */

/* Begin PBXProject section */
		4A7A525922224532000E7B5B /* Project object */ = {
			isa = PBXProject;
			attributes = {
				LastSwiftUpdateCheck = 1010;
				LastUpgradeCheck = 1010;
				ORGANIZATIONNAME = "Gabriel Equitz";
				TargetAttributes = {
					4A7A526022224532000E7B5B = {
						CreatedOnToolsVersion = 10.1;
					};
					4A7A527422224533000E7B5B = {
						CreatedOnToolsVersion = 10.1;
						TestTargetID = 4A7A526022224532000E7B5B;
					};
				};
			};
			buildConfigurationList = 4A7A525C22224532000E7B5B /* Build configuration list for PBXProject "SpyApp" */;
			compatibilityVersion = "Xcode 9.3";
			developmentRegion = en;
			hasScannedForEncodings = 0;
			knownRegions = (
				en,
				Base,
			);
			mainGroup = 4A7A525822224532000E7B5B;
			productRefGroup = 4A7A526222224532000E7B5B /* Products */;
			projectDirPath = "";
			projectRoot = "";
			targets = (
				4A7A526022224532000E7B5B /* SpyApp */,
				4A7A527422224533000E7B5B /* SpyAppTests */,
			);
		};
/* End PBXProject section */

/* Begin PBXResourcesBuildPhase section */
		4A7A525F22224532000E7B5B /* Resources */ = {
			isa = PBXResourcesBuildPhase;
			buildActionMask = 2147483647;
			files = (
				4A7A526F22224532000E7B5B /* LaunchScreen.storyboard in Resources */,
				4A7A526C22224532000E7B5B /* Assets.xcassets in Resources */,
				4A7A526A22224532000E7B5B /* Main.storyboard in Resources */,
			);
			runOnlyForDeploymentPostprocessing = 0;
		};
		4A7A527322224533000E7B5B /* Resources */ = {
			isa = PBXResourcesBuildPhase;
			buildActionMask = 2147483647;
			files = (
			);
			runOnlyForDeploymentPostprocessing = 0;
		};
/* End PBXResourcesBuildPhase section */

/* Begin PBXSourcesBuildPhase section */
		4A7A525D22224532000E7B5B /* Sources */ = {
			isa = PBXSourcesBuildPhase;
			buildActionMask = 2147483647;
			files = (
				4A520F6D22256C42000725D4 /* MorseCipher.swift in Sources */,
				4A6155F7222252DA00D522CF /* CipherFactory.swift in Sources */,
				4A7A526722224532000E7B5B /* ViewController.swift in Sources */,
				4A7A526522224532000E7B5B /* AppDelegate.swift in Sources */,
				4AA8AC502226E45F00A12D79 /* AlphaNumCeasarCipher.swift in Sources */,
				4A6155F92222CA2500D522CF /* CeasarCipher.swift in Sources */,
				4AA08BB8222C337A00B97784 /* VigenereCipher.swift in Sources */,
			);
			runOnlyForDeploymentPostprocessing = 0;
		};
		4A7A527122224533000E7B5B /* Sources */ = {
			isa = PBXSourcesBuildPhase;
			buildActionMask = 2147483647;
			files = (
				4A7A527A22224533000E7B5B /* SpyAppTests.swift in Sources */,
			);
			runOnlyForDeploymentPostprocessing = 0;
		};
/* End PBXSourcesBuildPhase section */

/* Begin PBXTargetDependency section */
		4A7A527722224533000E7B5B /* PBXTargetDependency */ = {
			isa = PBXTargetDependency;
			target = 4A7A526022224532000E7B5B /* SpyApp */;
			targetProxy = 4A7A527622224533000E7B5B /* PBXContainerItemProxy */;
		};
/* End PBXTargetDependency section */

/* Begin PBXVariantGroup section */
		4A7A526822224532000E7B5B /* Main.storyboard */ = {
			isa = PBXVariantGroup;
			children = (
				4A7A526922224532000E7B5B /* Base */,
			);
			name = Main.storyboard;
			sourceTree = "<group>";
		};
		4A7A526D22224532000E7B5B /* LaunchScreen.storyboard */ = {
			isa = PBXVariantGroup;
			children = (
				4A7A526E22224532000E7B5B /* Base */,
			);
			name = LaunchScreen.storyboard;
			sourceTree = "<group>";
		};
/* End PBXVariantGroup section */

/* Begin XCBuildConfiguration section */
		4A7A527C22224533000E7B5B /* Debug */ = {
			isa = XCBuildConfiguration;
			buildSettings = {
				ALWAYS_SEARCH_USER_PATHS = NO;
				CLANG_ANALYZER_NONNULL = YES;
				CLANG_ANALYZER_NUMBER_OBJECT_CONVERSION = YES_AGGRESSIVE;
				CLANG_CXX_LANGUAGE_STANDARD = "gnu++14";
				CLANG_CXX_LIBRARY = "libc++";
				CLANG_ENABLE_MODULES = YES;
				CLANG_ENABLE_OBJC_ARC = YES;
				CLANG_ENABLE_OBJC_WEAK = YES;
				CLANG_WARN_BLOCK_CAPTURE_AUTORELEASING = YES;
				CLANG_WARN_BOOL_CONVERSION = YES;
				CLANG_WARN_COMMA = YES;
				CLANG_WARN_CONSTANT_CONVERSION = YES;
				CLANG_WARN_DEPRECATED_OBJC_IMPLEMENTATIONS = YES;
				CLANG_WARN_DIRECT_OBJC_ISA_USAGE = YES_ERROR;
				CLANG_WARN_DOCUMENTATION_COMMENTS = YES;
				CLANG_WARN_EMPTY_BODY = YES;
				CLANG_WARN_ENUM_CONVERSION = YES;
				CLANG_WARN_INFINITE_RECURSION = YES;
				CLANG_WARN_INT_CONVERSION = YES;
				CLANG_WARN_NON_LITERAL_NULL_CONVERSION = YES;
				CLANG_WARN_OBJC_IMPLICIT_RETAIN_SELF = YES;
				CLANG_WARN_OBJC_LITERAL_CONVERSION = YES;
				CLANG_WARN_OBJC_ROOT_CLASS = YES_ERROR;
				CLANG_WARN_RANGE_LOOP_ANALYSIS = YES;
				CLANG_WARN_STRICT_PROTOTYPES = YES;
				CLANG_WARN_SUSPICIOUS_MOVE = YES;
				CLANG_WARN_UNGUARDED_AVAILABILITY = YES_AGGRESSIVE;
				CLANG_WARN_UNREACHABLE_CODE = YES;
				CLANG_WARN__DUPLICATE_METHOD_MATCH = YES;
				CODE_SIGN_IDENTITY = "iPhone Developer";
				COPY_PHASE_STRIP = NO;
				DEBUG_INFORMATION_FORMAT = dwarf;
				ENABLE_STRICT_OBJC_MSGSEND = YES;
				ENABLE_TESTABILITY = YES;
				GCC_C_LANGUAGE_STANDARD = gnu11;
				GCC_DYNAMIC_NO_PIC = NO;
				GCC_NO_COMMON_BLOCKS = YES;
				GCC_OPTIMIZATION_LEVEL = 0;
				GCC_PREPROCESSOR_DEFINITIONS = (
					"DEBUG=1",
					"$(inherited)",
				);
				GCC_WARN_64_TO_32_BIT_CONVERSION = YES;
				GCC_WARN_ABOUT_RETURN_TYPE = YES_ERROR;
				GCC_WARN_UNDECLARED_SELECTOR = YES;
				GCC_WARN_UNINITIALIZED_AUTOS = YES_AGGRESSIVE;
				GCC_WARN_UNUSED_FUNCTION = YES;
				GCC_WARN_UNUSED_VARIABLE = YES;
				IPHONEOS_DEPLOYMENT_TARGET = 12.1;
				MTL_ENABLE_DEBUG_INFO = INCLUDE_SOURCE;
				MTL_FAST_MATH = YES;
				ONLY_ACTIVE_ARCH = YES;
				SDKROOT = iphoneos;
				SWIFT_ACTIVE_COMPILATION_CONDITIONS = DEBUG;
				SWIFT_OPTIMIZATION_LEVEL = "-Onone";
			};
			name = Debug;
		};
		4A7A527D22224533000E7B5B /* Release */ = {
			isa = XCBuildConfiguration;
			buildSettings = {
				ALWAYS_SEARCH_USER_PATHS = NO;
				CLANG_ANALYZER_NONNULL = YES;
				CLANG_ANALYZER_NUMBER_OBJECT_CONVERSION = YES_AGGRESSIVE;
				CLANG_CXX_LANGUAGE_STANDARD = "gnu++14";
				CLANG_CXX_LIBRARY = "libc++";
				CLANG_ENABLE_MODULES = YES;
				CLANG_ENABLE_OBJC_ARC = YES;
				CLANG_ENABLE_OBJC_WEAK = YES;
				CLANG_WARN_BLOCK_CAPTURE_AUTORELEASING = YES;
				CLANG_WARN_BOOL_CONVERSION = YES;
				CLANG_WARN_COMMA = YES;
				CLANG_WARN_CONSTANT_CONVERSION = YES;
				CLANG_WARN_DEPRECATED_OBJC_IMPLEMENTATIONS = YES;
				CLANG_WARN_DIRECT_OBJC_ISA_USAGE = YES_ERROR;
				CLANG_WARN_DOCUMENTATION_COMMENTS = YES;
				CLANG_WARN_EMPTY_BODY = YES;
				CLANG_WARN_ENUM_CONVERSION = YES;
				CLANG_WARN_INFINITE_RECURSION = YES;
				CLANG_WARN_INT_CONVERSION = YES;
				CLANG_WARN_NON_LITERAL_NULL_CONVERSION = YES;
				CLANG_WARN_OBJC_IMPLICIT_RETAIN_SELF = YES;
				CLANG_WARN_OBJC_LITERAL_CONVERSION = YES;
				CLANG_WARN_OBJC_ROOT_CLASS = YES_ERROR;
				CLANG_WARN_RANGE_LOOP_ANALYSIS = YES;
				CLANG_WARN_STRICT_PROTOTYPES = YES;
				CLANG_WARN_SUSPICIOUS_MOVE = YES;
				CLANG_WARN_UNGUARDED_AVAILABILITY = YES_AGGRESSIVE;
				CLANG_WARN_UNREACHABLE_CODE = YES;
				CLANG_WARN__DUPLICATE_METHOD_MATCH = YES;
				CODE_SIGN_IDENTITY = "iPhone Developer";
				COPY_PHASE_STRIP = NO;
				DEBUG_INFORMATION_FORMAT = "dwarf-with-dsym";
				ENABLE_NS_ASSERTIONS = NO;
				ENABLE_STRICT_OBJC_MSGSEND = YES;
				GCC_C_LANGUAGE_STANDARD = gnu11;
				GCC_NO_COMMON_BLOCKS = YES;
				GCC_WARN_64_TO_32_BIT_CONVERSION = YES;
				GCC_WARN_ABOUT_RETURN_TYPE = YES_ERROR;
				GCC_WARN_UNDECLARED_SELECTOR = YES;
				GCC_WARN_UNINITIALIZED_AUTOS = YES_AGGRESSIVE;
				GCC_WARN_UNUSED_FUNCTION = YES;
				GCC_WARN_UNUSED_VARIABLE = YES;
				IPHONEOS_DEPLOYMENT_TARGET = 12.1;
				MTL_ENABLE_DEBUG_INFO = NO;
				MTL_FAST_MATH = YES;
				SDKROOT = iphoneos;
				SWIFT_COMPILATION_MODE = wholemodule;
				SWIFT_OPTIMIZATION_LEVEL = "-O";
				VALIDATE_PRODUCT = YES;
			};
			name = Release;
		};
		4A7A527F22224533000E7B5B /* Debug */ = {
			isa = XCBuildConfiguration;
			buildSettings = {
				ASSETCATALOG_COMPILER_APPICON_NAME = AppIcon;
				CODE_SIGN_STYLE = Automatic;
				DEVELOPMENT_TEAM = X9FQSD5A57;
				INFOPLIST_FILE = SpyApp/Info.plist;
				LD_RUNPATH_SEARCH_PATHS = (
					"$(inherited)",
					"@executable_path/Frameworks",
				);
				PRODUCT_BUNDLE_IDENTIFIER = com.GabrielEquitz.SpyApp;
				PRODUCT_NAME = "$(TARGET_NAME)";
				SWIFT_VERSION = 4.2;
				TARGETED_DEVICE_FAMILY = "1,2";
			};
			name = Debug;
		};
		4A7A528022224533000E7B5B /* Release */ = {
			isa = XCBuildConfiguration;
			buildSettings = {
				ASSETCATALOG_COMPILER_APPICON_NAME = AppIcon;
				CODE_SIGN_STYLE = Automatic;
				DEVELOPMENT_TEAM = X9FQSD5A57;
				INFOPLIST_FILE = SpyApp/Info.plist;
				LD_RUNPATH_SEARCH_PATHS = (
					"$(inherited)",
					"@executable_path/Frameworks",
				);
				PRODUCT_BUNDLE_IDENTIFIER = com.GabrielEquitz.SpyApp;
				PRODUCT_NAME = "$(TARGET_NAME)";
				SWIFT_VERSION = 4.2;
				TARGETED_DEVICE_FAMILY = "1,2";
			};
			name = Release;
		};
		4A7A528222224533000E7B5B /* Debug */ = {
			isa = XCBuildConfiguration;
			buildSettings = {
				ALWAYS_EMBED_SWIFT_STANDARD_LIBRARIES = YES;
				BUNDLE_LOADER = "$(TEST_HOST)";
				CODE_SIGN_STYLE = Automatic;
				DEVELOPMENT_TEAM = X9FQSD5A57;
				INFOPLIST_FILE = SpyAppTests/Info.plist;
				LD_RUNPATH_SEARCH_PATHS = (
					"$(inherited)",
					"@executable_path/Frameworks",
					"@loader_path/Frameworks",
				);
				PRODUCT_BUNDLE_IDENTIFIER = com.GabrielEquitz.SpyAppTests;
				PRODUCT_NAME = "$(TARGET_NAME)";
				SWIFT_VERSION = 4.2;
				TARGETED_DEVICE_FAMILY = "1,2";
				TEST_HOST = "$(BUILT_PRODUCTS_DIR)/SpyApp.app/SpyApp";
			};
			name = Debug;
		};
		4A7A528322224533000E7B5B /* Release */ = {
			isa = XCBuildConfiguration;
			buildSettings = {
				ALWAYS_EMBED_SWIFT_STANDARD_LIBRARIES = YES;
				BUNDLE_LOADER = "$(TEST_HOST)";
				CODE_SIGN_STYLE = Automatic;
				DEVELOPMENT_TEAM = X9FQSD5A57;
				INFOPLIST_FILE = SpyAppTests/Info.plist;
				LD_RUNPATH_SEARCH_PATHS = (
					"$(inherited)",
					"@executable_path/Frameworks",
					"@loader_path/Frameworks",
				);
				PRODUCT_BUNDLE_IDENTIFIER = com.GabrielEquitz.SpyAppTests;
				PRODUCT_NAME = "$(TARGET_NAME)";
				SWIFT_VERSION = 4.2;
				TARGETED_DEVICE_FAMILY = "1,2";
				TEST_HOST = "$(BUILT_PRODUCTS_DIR)/SpyApp.app/SpyApp";
			};
			name = Release;
		};
/* End XCBuildConfiguration section */

/* Begin XCConfigurationList section */
		4A7A525C22224532000E7B5B /* Build configuration list for PBXProject "SpyApp" */ = {
			isa = XCConfigurationList;
			buildConfigurations = (
				4A7A527C22224533000E7B5B /* Debug */,
				4A7A527D22224533000E7B5B /* Release */,
			);
			defaultConfigurationIsVisible = 0;
			defaultConfigurationName = Release;
		};
		4A7A527E22224533000E7B5B /* Build configuration list for PBXNativeTarget "SpyApp" */ = {
			isa = XCConfigurationList;
			buildConfigurations = (
				4A7A527F22224533000E7B5B /* Debug */,
				4A7A528022224533000E7B5B /* Release */,
			);
			defaultConfigurationIsVisible = 0;
			defaultConfigurationName = Release;
		};
		4A7A528122224533000E7B5B /* Build configuration list for PBXNativeTarget "SpyAppTests" */ = {
			isa = XCConfigurationList;
			buildConfigurations = (
				4A7A528222224533000E7B5B /* Debug */,
				4A7A528322224533000E7B5B /* Release */,
			);
			defaultConfigurationIsVisible = 0;
			defaultConfigurationName = Release;
		};
/* End XCConfigurationList section */
	};
	rootObject = 4A7A525922224532000E7B5B /* Project object */;
}
